// !$*UTF8*$!
{
	archiveVersion = 1;
	classes = {
	};
	objectVersion = 46;
	objects = {

/* Begin PBXBuildFile section */
		6A1766031D7D42F6007ECCCC /* main.cpp in Sources */ = {isa = PBXBuildFile; fileRef = 6A1766021D7D42F6007ECCCC /* main.cpp */; };
		6A17660A1D7D43DB007ECCCC /* Cocoa.framework in Frameworks */ = {isa = PBXBuildFile; fileRef = 6A1766091D7D43DB007ECCCC /* Cocoa.framework */; };
		6A17660C1D7D43F4007ECCCC /* GLUT.framework in Frameworks */ = {isa = PBXBuildFile; fileRef = 6A17660B1D7D43F4007ECCCC /* GLUT.framework */; };
		6A17660E1D7D4407007ECCCC /* OpenGL.framework in Frameworks */ = {isa = PBXBuildFile; fileRef = 6A17660D1D7D4407007ECCCC /* OpenGL.framework */; };
/* End PBXBuildFile section */

/* Begin PBXCopyFilesBuildPhase section */
		6A1765FD1D7D42F6007ECCCC /* CopyFiles */ = {
			isa = PBXCopyFilesBuildPhase;
			buildActionMask = 2147483647;
			dstPath = /usr/share/man/man1/;
			dstSubfolderSpec = 0;
			files = (
			);
			runOnlyForDeploymentPostprocessing = 1;
		};
/* End PBXCopyFilesBuildPhase section */

/* Begin PBXFileReference section */
		6A1765FF1D7D42F6007ECCCC /* SingleNeuronGUI */ = {isa = PBXFileReference; explicitFileType = "compiled.mach-o.executable"; includeInIndex = 0; path = SingleNeuronGUI; sourceTree = BUILT_PRODUCTS_DIR; };
		6A1766021D7D42F6007ECCCC /* main.cpp */ = {isa = PBXFileReference; lastKnownFileType = sourcecode.cpp.cpp; path = main.cpp; sourceTree = "<group>"; };
		6A1766091D7D43DB007ECCCC /* Cocoa.framework */ = {isa = PBXFileReference; lastKnownFileType = wrapper.framework; name = Cocoa.framework; path = System/Library/Frameworks/Cocoa.framework; sourceTree = SDKROOT; };
		6A17660B1D7D43F4007ECCCC /* GLUT.framework */ = {isa = PBXFileReference; lastKnownFileType = wrapper.framework; name = GLUT.framework; path = System/Library/Frameworks/GLUT.framework; sourceTree = SDKROOT; };
		6A17660D1D7D4407007ECCCC /* OpenGL.framework */ = {isa = PBXFileReference; lastKnownFileType = wrapper.framework; name = OpenGL.framework; path = System/Library/Frameworks/OpenGL.framework; sourceTree = SDKROOT; };
		6A17660F1D7D44C1007ECCCC /* nnstruct.h */ = {isa = PBXFileReference; fileEncoding = 4; lastKnownFileType = sourcecode.c.h; name = nnstruct.h; path = ../../SingleNeuronPerceptron/SingleNeuronPerceptron/nnstruct.h; sourceTree = "<group>"; };
/* End PBXFileReference section */

/* Begin PBXFrameworksBuildPhase section */
		6A1765FC1D7D42F6007ECCCC /* Frameworks */ = {
			isa = PBXFrameworksBuildPhase;
			buildActionMask = 2147483647;
			files = (
				6A17660E1D7D4407007ECCCC /* OpenGL.framework in Frameworks */,
				6A17660C1D7D43F4007ECCCC /* GLUT.framework in Frameworks */,
				6A17660A1D7D43DB007ECCCC /* Cocoa.framework in Frameworks */,
			);
			runOnlyForDeploymentPostprocessing = 0;
		};
/* End PBXFrameworksBuildPhase section */

/* Begin PBXGroup section */
		6A1765F61D7D42F6007ECCCC = {
			isa = PBXGroup;
			children = (
				6A17660D1D7D4407007ECCCC /* OpenGL.framework */,
				6A17660B1D7D43F4007ECCCC /* GLUT.framework */,
				6A1766091D7D43DB007ECCCC /* Cocoa.framework */,
				6A1766011D7D42F6007ECCCC /* SingleNeuronGUI */,
				6A1766001D7D42F6007ECCCC /* Products */,
			);
			sourceTree = "<group>";
		};
		6A1766001D7D42F6007ECCCC /* Products */ = {
			isa = PBXGroup;
			children = (
				6A1765FF1D7D42F6007ECCCC /* SingleNeuronGUI */,
			);
			name = Products;
			sourceTree = "<group>";
		};
		6A1766011D7D42F6007ECCCC /* SingleNeuronGUI */ = {
			isa = PBXGroup;
			children = (
				6A1766021D7D42F6007ECCCC /* main.cpp */,
				6A17660F1D7D44C1007ECCCC /* nnstruct.h */,
			);
			path = SingleNeuronGUI;
			sourceTree = "<group>";
		};
/* End PBXGroup section */

/* Begin PBXNativeTarget section */
		6A1765FE1D7D42F6007ECCCC /* SingleNeuronGUI */ = {
			isa = PBXNativeTarget;
			buildConfigurationList = 6A1766061D7D42F6007ECCCC /* Build configuration list for PBXNativeTarget "SingleNeuronGUI" */;
			buildPhases = (
				6A1765FB1D7D42F6007ECCCC /* Sources */,
				6A1765FC1D7D42F6007ECCCC /* Frameworks */,
				6A1765FD1D7D42F6007ECCCC /* CopyFiles */,
			);
			buildRules = (
			);
			dependencies = (
			);
			name = SingleNeuronGUI;
			productName = SingleNeuronGUI;
			productReference = 6A1765FF1D7D42F6007ECCCC /* SingleNeuronGUI */;
			productType = "com.apple.product-type.tool";
		};
/* End PBXNativeTarget section */

/* Begin PBXProject section */
		6A1765F71D7D42F6007ECCCC /* Project object */ = {
			isa = PBXProject;
			attributes = {
				LastUpgradeCheck = 0730;
				ORGANIZATIONNAME = "Sankarsan Seal";
				TargetAttributes = {
					6A1765FE1D7D42F6007ECCCC = {
						CreatedOnToolsVersion = 7.3.1;
					};
				};
			};
			buildConfigurationList = 6A1765FA1D7D42F6007ECCCC /* Build configuration list for PBXProject "SingleNeuronGUI" */;
			compatibilityVersion = "Xcode 3.2";
			developmentRegion = English;
			hasScannedForEncodings = 0;
			knownRegions = (
				en,
			);
			mainGroup = 6A1765F61D7D42F6007ECCCC;
			productRefGroup = 6A1766001D7D42F6007ECCCC /* Products */;
			projectDirPath = "";
			projectRoot = "";
			targets = (
				6A1765FE1D7D42F6007ECCCC /* SingleNeuronGUI */,
			);
		};
/* End PBXProject section */

/* Begin PBXSourcesBuildPhase section */
		6A1765FB1D7D42F6007ECCCC /* Sources */ = {
			isa = PBXSourcesBuildPhase;
			buildActionMask = 2147483647;
			files = (
				6A1766031D7D42F6007ECCCC /* main.cpp in Sources */,
			);
			runOnlyForDeploymentPostprocessing = 0;
		};
/* End PBXSourcesBuildPhase section */

/* Begin XCBuildConfiguration section */
		6A1766041D7D42F6007ECCCC /* Debug */ = {
			isa = XCBuildConfiguration;
			buildSettings = {
				ALWAYS_SEARCH_USER_PATHS = NO;
				CLANG_ANALYZER_NONNULL = YES;
				CLANG_CXX_LANGUAGE_STANDARD = "gnu++0x";
				CLANG_CXX_LIBRARY = "libc++";
				CLANG_ENABLE_MODULES = YES;
				CLANG_ENABLE_OBJC_ARC = YES;
				CLANG_WARN_BOOL_CONVERSION = YES;
				CLANG_WARN_CONSTANT_CONVERSION = YES;
				CLANG_WARN_DIRECT_OBJC_ISA_USAGE = YES_ERROR;
				CLANG_WARN_EMPTY_BODY = YES;
				CLANG_WARN_ENUM_CONVERSION = YES;
				CLANG_WARN_INT_CONVERSION = YES;
				CLANG_WARN_OBJC_ROOT_CLASS = YES_ERROR;
				CLANG_WARN_UNREACHABLE_CODE = YES;
				CLANG_WARN__DUPLICATE_METHOD_MATCH = YES;
				CODE_SIGN_IDENTITY = "-";
				COPY_PHASE_STRIP = NO;
				DEBUG_INFORMATION_FORMAT = dwarf;
				ENABLE_STRICT_OBJC_MSGSEND = YES;
				ENABLE_TESTABILITY = YES;
				GCC_C_LANGUAGE_STANDARD = gnu99;
				GCC_DYNAMIC_NO_PIC = NO;
				GCC_NO_COMMON_BLOCKS = YES;
				GCC_OPTIMIZATION_LEVEL = 0;
				GCC_PREPROCESSOR_DEFINITIONS = (
					"DEBUG=1",
					"$(inherited)",
				);
				GCC_WARN_64_TO_32_BIT_CONVERSION = YES;
				GCC_WARN_ABOUT_RETURN_TYPE = YES_ERROR;
				GCC_WARN_UNDECLARED_SELECTOR = YES;
				GCC_WARN_UNINITIALIZED_AUTOS = YES_AGGRESSIVE;
				GCC_WARN_UNUSED_FUNCTION = YES;
				GCC_WARN_UNUSED_VARIABLE = YES;
				MACOSX_DEPLOYMENT_TARGET = 10.11;
				MTL_ENABLE_DEBUG_INFO = YES;
				ONLY_ACTIVE_ARCH = YES;
				SDKROOT = macosx;
			};
			name = Debug;
		};
		6A1766051D7D42F6007ECCCC /* Release */ = {
			isa = XCBuildConfiguration;
			buildSettings = {
				ALWAYS_SEARCH_USER_PATHS = NO;
				CLANG_ANALYZER_NONNULL = YES;
				CLANG_CXX_LANGUAGE_STANDARD = "gnu++0x";
				CLANG_CXX_LIBRARY = "libc++";
				CLANG_ENABLE_MODULES = YES;
				CLANG_ENABLE_OBJC_ARC = YES;
				CLANG_WARN_BOOL_CONVERSION = YES;
				CLANG_WARN_CONSTANT_CONVERSION = YES;
				CLANG_WARN_DIRECT_OBJC_ISA_USAGE = YES_ERROR;
				CLANG_WARN_EMPTY_BODY = YES;
				CLANG_WARN_ENUM_CONVERSION = YES;
				CLANG_WARN_INT_CONVERSION = YES;
				CLANG_WARN_OBJC_ROOT_CLASS = YES_ERROR;
				CLANG_WARN_UNREACHABLE_CODE = YES;
				CLANG_WARN__DUPLICATE_METHOD_MATCH = YES;
				CODE_SIGN_IDENTITY = "-";
				COPY_PHASE_STRIP = NO;
				DEBUG_INFORMATION_FORMAT = "dwarf-with-dsym";
				ENABLE_NS_ASSERTIONS = NO;
				ENABLE_STRICT_OBJC_MSGSEND = YES;
				GCC_C_LANGUAGE_STANDARD = gnu99;
				GCC_NO_COMMON_BLOCKS = YES;
				GCC_WARN_64_TO_32_BIT_CONVERSION = YES;
				GCC_WARN_ABOUT_RETURN_TYPE = YES_ERROR;
				GCC_WARN_UNDECLARED_SELECTOR = YES;
				GCC_WARN_UNINITIALIZED_AUTOS = YES_AGGRESSIVE;
				GCC_WARN_UNUSED_FUNCTION = YES;
				GCC_WARN_UNUSED_VARIABLE = YES;
				MACOSX_DEPLOYMENT_TARGET = 10.11;
				MTL_ENABLE_DEBUG_INFO = NO;
				SDKROOT = macosx;
			};
			name = Release;
		};
		6A1766071D7D42F6007ECCCC /* Debug */ = {
			isa = XCBuildConfiguration;
			buildSettings = {
				OTHER_CFLAGS = "-Wno-deprecated";
				OTHER_CPLUSPLUSFLAGS = (
					"$(OTHER_CFLAGS)",
					"-Wno-deprecated",
				);
				PRODUCT_NAME = "$(TARGET_NAME)";
			};
			name = Debug;
		};
		6A1766081D7D42F6007ECCCC /* Release */ = {
			isa = XCBuildConfiguration;
			buildSettings = {
				OTHER_CFLAGS = "-Wno-deprecated";
				OTHER_CPLUSPLUSFLAGS = (
					"$(OTHER_CFLAGS)",
					"-Wno-deprecated",
				);
				PRODUCT_NAME = "$(TARGET_NAME)";
			};
			name = Release;
		};
/* End XCBuildConfiguration section */

/* Begin XCConfigurationList section */
		6A1765FA1D7D42F6007ECCCC /* Build configuration list for PBXProject "SingleNeuronGUI" */ = {
			isa = XCConfigurationList;
			buildConfigurations = (
				6A1766041D7D42F6007ECCCC /* Debug */,
				6A1766051D7D42F6007ECCCC /* Release */,
			);
			defaultConfigurationIsVisible = 0;
			defaultConfigurationName = Release;
		};
		6A1766061D7D42F6007ECCCC /* Build configuration list for PBXNativeTarget "SingleNeuronGUI" */ = {
			isa = XCConfigurationList;
			buildConfigurations = (
				6A1766071D7D42F6007ECCCC /* Debug */,
				6A1766081D7D42F6007ECCCC /* Release */,
			);
			defaultConfigurationIsVisible = 0;
			defaultConfigurationName = Release;
		};
/* End XCConfigurationList section */
	};
	rootObject = 6A1765F71D7D42F6007ECCCC /* Project object */;
}
